
Microsoft Visual Studio Solution File, Format Version 12.00
# Visual Studio for Mac
Project("{FAE04EC0-301F-11D3-BF4B-00C04F79EFBC}") = "Assembly-CSharp", "Assembly-CSharp.csproj", "{471E3E38-05E0-9532-F3AA-80910E3BFF6B}"
EndProject
Project("{FAE04EC0-301F-11D3-BF4B-00C04F79EFBC}") = "Assembly-CSharp-Editor", "Assembly-CSharp-Editor.csproj", "{C1D1F3EA-889A-0B5D-32D8-76C0774800AA}"
EndProject
Global
	GlobalSection(SolutionConfigurationPlatforms) = preSolution
		Debug|Any CPU = Debug|Any CPU
		Release|Any CPU = Release|Any CPU
	EndGlobalSection
	GlobalSection(ProjectConfigurationPlatforms) = postSolution
		{471E3E38-05E0-9532-F3AA-80910E3BFF6B}.Debug|Any CPU.ActiveCfg = Debug|Any CPU
		{471E3E38-05E0-9532-F3AA-80910E3BFF6B}.Debug|Any CPU.Build.0 = Debug|Any CPU
		{471E3E38-05E0-9532-F3AA-80910E3BFF6B}.Release|Any CPU.ActiveCfg = Release|Any CPU
		{471E3E38-05E0-9532-F3AA-80910E3BFF6B}.Release|Any CPU.Build.0 = Release|Any CPU
		{C1D1F3EA-889A-0B5D-32D8-76C0774800AA}.Debug|Any CPU.ActiveCfg = Debug|Any CPU
		{C1D1F3EA-889A-0B5D-32D8-76C0774800AA}.Debug|Any CPU.Build.0 = Debug|Any CPU
		{C1D1F3EA-889A-0B5D-32D8-76C0774800AA}.Release|Any CPU.ActiveCfg = Release|Any CPU
		{C1D1F3EA-889A-0B5D-32D8-76C0774800AA}.Release|Any CPU.Build.0 = Release|Any CPU
	EndGlobalSection
	GlobalSection(SolutionProperties) = preSolution
		HideSolutionNode = FALSE
	EndGlobalSection
EndGlobal
